
Microsoft Visual Studio Solution File, Format Version 12.00
# Visual Studio Version 17
VisualStudioVersion = 17.8.34330.188
MinimumVisualStudioVersion = 10.0.40219.1
Project("{FAE04EC0-301F-11D3-BF4B-00C04F79EFBC}") = "MoECommerce.API", "MoECommerce.API\MoECommerce.API.csproj", "{E57ADCC1-0B4F-4EF9-A357-175A965CBC33}"
EndProject
Project("{FAE04EC0-301F-11D3-BF4B-00C04F79EFBC}") = "MoECommerce.Core", "MoECommerce.Core\MoECommerce.Core.csproj", "{86941893-6055-4A48-A96D-53D6BD8796C6}"
EndProject
Project("{FAE04EC0-301F-11D3-BF4B-00C04F79EFBC}") = "MoECommerce.Repository", "MoECommerce.Repository\MoECommerce.Repository.csproj", "{58111A3B-94BF-4D0F-B11B-97F7C44BC6E4}"
EndProject
Project("{FAE04EC0-301F-11D3-BF4B-00C04F79EFBC}") = "MoECommerce.Services", "MoECommerce.Services\MoECommerce.Services.csproj", "{C86D2D91-4C93-4B79-82D4-367E19A1976F}"
EndProject
Global
	GlobalSection(SolutionConfigurationPlatforms) = preSolution
		Debug|Any CPU = Debug|Any CPU
		Release|Any CPU = Release|Any CPU
	EndGlobalSection
	GlobalSection(ProjectConfigurationPlatforms) = postSolution
		{E57ADCC1-0B4F-4EF9-A357-175A965CBC33}.Debug|Any CPU.ActiveCfg = Debug|Any CPU
		{E57ADCC1-0B4F-4EF9-A357-175A965CBC33}.Debug|Any CPU.Build.0 = Debug|Any CPU
		{E57ADCC1-0B4F-4EF9-A357-175A965CBC33}.Release|Any CPU.ActiveCfg = Release|Any CPU
		{E57ADCC1-0B4F-4EF9-A357-175A965CBC33}.Release|Any CPU.Build.0 = Release|Any CPU
		{86941893-6055-4A48-A96D-53D6BD8796C6}.Debug|Any CPU.ActiveCfg = Debug|Any CPU
		{86941893-6055-4A48-A96D-53D6BD8796C6}.Debug|Any CPU.Build.0 = Debug|Any CPU
		{86941893-6055-4A48-A96D-53D6BD8796C6}.Release|Any CPU.ActiveCfg = Release|Any CPU
		{86941893-6055-4A48-A96D-53D6BD8796C6}.Release|Any CPU.Build.0 = Release|Any CPU
		{58111A3B-94BF-4D0F-B11B-97F7C44BC6E4}.Debug|Any CPU.ActiveCfg = Debug|Any CPU
		{58111A3B-94BF-4D0F-B11B-97F7C44BC6E4}.Debug|Any CPU.Build.0 = Debug|Any CPU
		{58111A3B-94BF-4D0F-B11B-97F7C44BC6E4}.Release|Any CPU.ActiveCfg = Release|Any CPU
		{58111A3B-94BF-4D0F-B11B-97F7C44BC6E4}.Release|Any CPU.Build.0 = Release|Any CPU
		{C86D2D91-4C93-4B79-82D4-367E19A1976F}.Debug|Any CPU.ActiveCfg = Debug|Any CPU
		{C86D2D91-4C93-4B79-82D4-367E19A1976F}.Debug|Any CPU.Build.0 = Debug|Any CPU
		{C86D2D91-4C93-4B79-82D4-367E19A1976F}.Release|Any CPU.ActiveCfg = Release|Any CPU
		{C86D2D91-4C93-4B79-82D4-367E19A1976F}.Release|Any CPU.Build.0 = Release|Any CPU
	EndGlobalSection
	GlobalSection(SolutionProperties) = preSolution
		HideSolutionNode = FALSE
	EndGlobalSection
	GlobalSection(ExtensibilityGlobals) = postSolution
		SolutionGuid = {50E30AF5-D143-409A-9533-B2D67645441F}
	EndGlobalSection
EndGlobal
